
Microsoft Visual Studio Solution File, Format Version 12.00
# Visual Studio 15
VisualStudioVersion = 15.0.28010.2046
MinimumVisualStudioVersion = 10.0.40219.1
Project("{FAE04EC0-301F-11D3-BF4B-00C04F79EFBC}") = "virtualprototype", "virtualprototype.csproj", "{78A46606-3BA7-4254-837D-69CD1442E526}"
EndProject
Global
	GlobalSection(SolutionConfigurationPlatforms) = preSolution
		Debug|Any CPU = Debug|Any CPU
		Release|Any CPU = Release|Any CPU
	EndGlobalSection
	GlobalSection(ProjectConfigurationPlatforms) = postSolution
		{78A46606-3BA7-4254-837D-69CD1442E526}.Debug|Any CPU.ActiveCfg = Debug|Any CPU
		{78A46606-3BA7-4254-837D-69CD1442E526}.Debug|Any CPU.Build.0 = Debug|Any CPU
		{78A46606-3BA7-4254-837D-69CD1442E526}.Release|Any CPU.ActiveCfg = Release|Any CPU
		{78A46606-3BA7-4254-837D-69CD1442E526}.Release|Any CPU.Build.0 = Release|Any CPU
	EndGlobalSection
	GlobalSection(SolutionProperties) = preSolution
		HideSolutionNode = FALSE
	EndGlobalSection
	GlobalSection(ExtensibilityGlobals) = postSolution
		SolutionGuid = {A9211E96-F6B0-471F-939A-09B2F6E98410}
	EndGlobalSection
EndGlobal
